
Microsoft Visual Studio Solution File, Format Version 12.00
# Visual Studio Version 17
VisualStudioVersion = 17.10.35122.118
MinimumVisualStudioVersion = 10.0.40219.1
Project("{FAE04EC0-301F-11D3-BF4B-00C04F79EFBC}") = "Kundan_MVCTest", "Kundan_MVCTest\Kundan_MVCTest.csproj", "{CC1D0FC9-560D-49B9-B690-78F3F1EE88D9}"
EndProject
Global
	GlobalSection(SolutionConfigurationPlatforms) = preSolution
		Debug|Any CPU = Debug|Any CPU
		Release|Any CPU = Release|Any CPU
	EndGlobalSection
	GlobalSection(ProjectConfigurationPlatforms) = postSolution
		{CC1D0FC9-560D-49B9-B690-78F3F1EE88D9}.Debug|Any CPU.ActiveCfg = Debug|Any CPU
		{CC1D0FC9-560D-49B9-B690-78F3F1EE88D9}.Debug|Any CPU.Build.0 = Debug|Any CPU
		{CC1D0FC9-560D-49B9-B690-78F3F1EE88D9}.Release|Any CPU.ActiveCfg = Release|Any CPU
		{CC1D0FC9-560D-49B9-B690-78F3F1EE88D9}.Release|Any CPU.Build.0 = Release|Any CPU
	EndGlobalSection
	GlobalSection(SolutionProperties) = preSolution
		HideSolutionNode = FALSE
	EndGlobalSection
	GlobalSection(ExtensibilityGlobals) = postSolution
		SolutionGuid = {7D985544-3A65-420D-907A-96E4C93E3E0A}
	EndGlobalSection
EndGlobal
